
Microsoft Visual Studio Solution File, Format Version 12.00
# Visual Studio 15
VisualStudioVersion = 15.0.28307.421
MinimumVisualStudioVersion = 10.0.40219.1
Project("{FAE04EC0-301F-11D3-BF4B-00C04F79EFBC}") = "Aplicativo", "ProjetoTCC\Aplicativo.csproj", "{0BBF2706-CDA7-46A5-9A82-D6FFD150B185}"
EndProject
Global
	GlobalSection(SolutionConfigurationPlatforms) = preSolution
		Debug|Any CPU = Debug|Any CPU
		Release|Any CPU = Release|Any CPU
	EndGlobalSection
	GlobalSection(ProjectConfigurationPlatforms) = postSolution
		{0BBF2706-CDA7-46A5-9A82-D6FFD150B185}.Debug|Any CPU.ActiveCfg = Release|Any CPU
		{0BBF2706-CDA7-46A5-9A82-D6FFD150B185}.Debug|Any CPU.Build.0 = Release|Any CPU
		{0BBF2706-CDA7-46A5-9A82-D6FFD150B185}.Release|Any CPU.ActiveCfg = Release|Any CPU
		{0BBF2706-CDA7-46A5-9A82-D6FFD150B185}.Release|Any CPU.Build.0 = Release|Any CPU
	EndGlobalSection
	GlobalSection(SolutionProperties) = preSolution
		HideSolutionNode = FALSE
	EndGlobalSection
	GlobalSection(ExtensibilityGlobals) = postSolution
		SolutionGuid = {C6F84EC3-B03D-4E8D-94D8-7ED68FDD840E}
	EndGlobalSection
EndGlobal
